// !$*UTF8*$!
{
	archiveVersion = 1;
	classes = {
	};
	objectVersion = 77;
	objects = {

/* Begin PBXBuildFile section */
		87A5B8442F3CF79C0028B1B6 /* xlsxwriter in Frameworks */ = {isa = PBXBuildFile; productRef = 87A5B8432F3CF79C0028B1B6 /* xlsxwriter */; };
/* End PBXBuildFile section */

/* Begin PBXContainerItemProxy section */
		87A5B80C2F3CE94D0028B1B6 /* PBXContainerItemProxy */ = {
			isa = PBXContainerItemProxy;
			containerPortal = 87A5B7F22F3CE94B0028B1B6 /* Project object */;
			proxyType = 1;
			remoteGlobalIDString = 87A5B7F92F3CE94B0028B1B6;
			remoteInfo = "VDOT Snow Plow";
		};
		87A5B8162F3CE94D0028B1B6 /* PBXContainerItemProxy */ = {
			isa = PBXContainerItemProxy;
			containerPortal = 87A5B7F22F3CE94B0028B1B6 /* Project object */;
			proxyType = 1;
			remoteGlobalIDString = 87A5B7F92F3CE94B0028B1B6;
			remoteInfo = "VDOT Snow Plow";
		};
/* End PBXContainerItemProxy section */

/* Begin PBXFileReference section */
		87A5B7FA2F3CE94B0028B1B6 /* VDOT Snow Plow.app */ = {isa = PBXFileReference; explicitFileType = wrapper.application; includeInIndex = 0; path = "VDOT Snow Plow.app"; sourceTree = BUILT_PRODUCTS_DIR; };
		87A5B80B2F3CE94D0028B1B6 /* VDOT Snow PlowTests.xctest */ = {isa = PBXFileReference; explicitFileType = wrapper.cfbundle; includeInIndex = 0; path = "VDOT Snow PlowTests.xctest"; sourceTree = BUILT_PRODUCTS_DIR; };
		87A5B8152F3CE94D0028B1B6 /* VDOT Snow PlowUITests.xctest */ = {isa = PBXFileReference; explicitFileType = wrapper.cfbundle; includeInIndex = 0; path = "VDOT Snow PlowUITests.xctest"; sourceTree = BUILT_PRODUCTS_DIR; };
/* End PBXFileReference section */

/* Begin PBXFileSystemSynchronizedBuildFileExceptionSet section */
		87A5B81D2F3CE94D0028B1B6 /* Exceptions for "VDOT Snow Plow" folder in "VDOT Snow Plow" target */ = {
			isa = PBXFileSystemSynchronizedBuildFileExceptionSet;
			membershipExceptions = (
				Info.plist,
			);
			target = 87A5B7F92F3CE94B0028B1B6 /* VDOT Snow Plow */;
		};
/* End PBXFileSystemSynchronizedBuildFileExceptionSet section */

/* Begin PBXFileSystemSynchronizedRootGroup section */
		87A5B7FC2F3CE94B0028B1B6 /* VDOT Snow Plow */ = {
			isa = PBXFileSystemSynchronizedRootGroup;
			exceptions = (
				87A5B81D2F3CE94D0028B1B6 /* Exceptions for "VDOT Snow Plow" folder in "VDOT Snow Plow" target */,
			);
			path = "VDOT Snow Plow";
			sourceTree = "<group>";
		};
/* End PBXFileSystemSynchronizedRootGroup section */

/* Begin PBXFrameworksBuildPhase section */
		87A5B7F72F3CE94B0028B1B6 /* Frameworks */ = {
			isa = PBXFrameworksBuildPhase;
			buildActionMask = 2147483647;
			files = (
				87A5B8442F3CF79C0028B1B6 /* xlsxwriter in Frameworks */,
			);
			runOnlyForDeploymentPostprocessing = 0;
		};
		87A5B8082F3CE94D0028B1B6 /* Frameworks */ = {
			isa = PBXFrameworksBuildPhase;
			buildActionMask = 2147483647;
			files = (
			);
			runOnlyForDeploymentPostprocessing = 0;
		};
		87A5B8122F3CE94D0028B1B6 /* Frameworks */ = {
			isa = PBXFrameworksBuildPhase;
			buildActionMask = 2147483647;
			files = (
			);
			runOnlyForDeploymentPostprocessing = 0;
		};
/* End PBXFrameworksBuildPhase section */

/* Begin PBXGroup section */
		87A5B7F12F3CE94B0028B1B6 = {
			isa = PBXGroup;
			children = (
				87A5B7FC2F3CE94B0028B1B6 /* VDOT Snow Plow */,
				87A5B7FB2F3CE94B0028B1B6 /* Products */,
			);
			sourceTree = "<group>";
		};
		87A5B7FB2F3CE94B0028B1B6 /* Products */ = {
			isa = PBXGroup;
			children = (
				87A5B7FA2F3CE94B0028B1B6 /* VDOT Snow Plow.app */,
				87A5B80B2F3CE94D0028B1B6 /* VDOT Snow PlowTests.xctest */,
				87A5B8152F3CE94D0028B1B6 /* VDOT Snow PlowUITests.xctest */,
			);
			name = Products;
			sourceTree = "<group>";
		};
/* End PBXGroup section */

/* Begin PBXNativeTarget section */
		87A5B7F92F3CE94B0028B1B6 /* VDOT Snow Plow */ = {
			isa = PBXNativeTarget;
			buildConfigurationList = 87A5B81E2F3CE94D0028B1B6 /* Build configuration list for PBXNativeTarget "VDOT Snow Plow" */;
			buildPhases = (
				87A5B7F62F3CE94B0028B1B6 /* Sources */,
				87A5B7F72F3CE94B0028B1B6 /* Frameworks */,
				87A5B7F82F3CE94B0028B1B6 /* Resources */,
			);
			buildRules = (
			);
			dependencies = (
			);
			fileSystemSynchronizedGroups = (
				87A5B7FC2F3CE94B0028B1B6 /* VDOT Snow Plow */,
			);
			name = "VDOT Snow Plow";
			packageProductDependencies = (
				87A5B8432F3CF79C0028B1B6 /* xlsxwriter */,
			);
			productName = "VDOT Snow Plow";
			productReference = 87A5B7FA2F3CE94B0028B1B6 /* VDOT Snow Plow.app */;
			productType = "com.apple.product-type.application";
		};
		87A5B80A2F3CE94D0028B1B6 /* VDOT Snow PlowTests */ = {
			isa = PBXNativeTarget;
			buildConfigurationList = 87A5B8232F3CE94D0028B1B6 /* Build configuration list for PBXNativeTarget "VDOT Snow PlowTests" */;
			buildPhases = (
				87A5B8072F3CE94D0028B1B6 /* Sources */,
				87A5B8082F3CE94D0028B1B6 /* Frameworks */,
				87A5B8092F3CE94D0028B1B6 /* Resources */,
			);
			buildRules = (
			);
			dependencies = (
				87A5B80D2F3CE94D0028B1B6 /* PBXTargetDependency */,
			);
			name = "VDOT Snow PlowTests";
			packageProductDependencies = (
			);
			productName = "VDOT Snow PlowTests";
			productReference = 87A5B80B2F3CE94D0028B1B6 /* VDOT Snow PlowTests.xctest */;
			productType = "com.apple.product-type.bundle.unit-test";
		};
		87A5B8142F3CE94D0028B1B6 /* VDOT Snow PlowUITests */ = {
			isa = PBXNativeTarget;
			buildConfigurationList = 87A5B8262F3CE94D0028B1B6 /* Build configuration list for PBXNativeTarget "VDOT Snow PlowUITests" */;
			buildPhases = (
				87A5B8112F3CE94D0028B1B6 /* Sources */,
				87A5B8122F3CE94D0028B1B6 /* Frameworks */,
				87A5B8132F3CE94D0028B1B6 /* Resources */,
			);
			buildRules = (
			);
			dependencies = (
				87A5B8172F3CE94D0028B1B6 /* PBXTargetDependency */,
			);
			name = "VDOT Snow PlowUITests";
			packageProductDependencies = (
			);
			productName = "VDOT Snow PlowUITests";
			productReference = 87A5B8152F3CE94D0028B1B6 /* VDOT Snow PlowUITests.xctest */;
			productType = "com.apple.product-type.bundle.ui-testing";
		};
/* End PBXNativeTarget section */

/* Begin PBXProject section */
		87A5B7F22F3CE94B0028B1B6 /* Project object */ = {
			isa = PBXProject;
			attributes = {
				BuildIndependentTargetsInParallel = 1;
				LastSwiftUpdateCheck = 2610;
				LastUpgradeCheck = 2640;
				TargetAttributes = {
					87A5B7F92F3CE94B0028B1B6 = {
						CreatedOnToolsVersion = 26.1;
					};
					87A5B80A2F3CE94D0028B1B6 = {
						CreatedOnToolsVersion = 26.1;
						TestTargetID = 87A5B7F92F3CE94B0028B1B6;
					};
					87A5B8142F3CE94D0028B1B6 = {
						CreatedOnToolsVersion = 26.1;
						TestTargetID = 87A5B7F92F3CE94B0028B1B6;
					};
				};
			};
			buildConfigurationList = 87A5B7F52F3CE94B0028B1B6 /* Build configuration list for PBXProject "VDOT Snow Plow" */;
			developmentRegion = en;
			hasScannedForEncodings = 0;
			knownRegions = (
				en,
				Base,
			);
			mainGroup = 87A5B7F12F3CE94B0028B1B6;
			minimizedProjectReferenceProxies = 1;
			packageReferences = (
				87A5B8422F3CF79C0028B1B6 /* XCRemoteSwiftPackageReference "xlsxwriter" */,
			);
			preferredProjectObjectVersion = 77;
			productRefGroup = 87A5B7FB2F3CE94B0028B1B6 /* Products */;
			projectDirPath = "";
			projectRoot = "";
			targets = (
				87A5B7F92F3CE94B0028B1B6 /* VDOT Snow Plow */,
				87A5B80A2F3CE94D0028B1B6 /* VDOT Snow PlowTests */,
				87A5B8142F3CE94D0028B1B6 /* VDOT Snow PlowUITests */,
			);
		};
/* End PBXProject section */

/* Begin PBXResourcesBuildPhase section */
		87A5B7F82F3CE94B0028B1B6 /* Resources */ = {
			isa = PBXResourcesBuildPhase;
			buildActionMask = 2147483647;
			files = (
			);
			runOnlyForDeploymentPostprocessing = 0;
		};
		87A5B8092F3CE94D0028B1B6 /* Resources */ = {
			isa = PBXResourcesBuildPhase;
			buildActionMask = 2147483647;
			files = (
			);
			runOnlyForDeploymentPostprocessing = 0;
		};
		87A5B8132F3CE94D0028B1B6 /* Resources */ = {
			isa = PBXResourcesBuildPhase;
			buildActionMask = 2147483647;
			files = (
			);
			runOnlyForDeploymentPostprocessing = 0;
		};
/* End PBXResourcesBuildPhase section */

/* Begin PBXSourcesBuildPhase section */
		87A5B7F62F3CE94B0028B1B6 /* Sources */ = {
			isa = PBXSourcesBuildPhase;
			buildActionMask = 2147483647;
			files = (
			);
			runOnlyForDeploymentPostprocessing = 0;
		};
		87A5B8072F3CE94D0028B1B6 /* Sources */ = {
			isa = PBXSourcesBuildPhase;
			buildActionMask = 2147483647;
			files = (
			);
			runOnlyForDeploymentPostprocessing = 0;
		};
		87A5B8112F3CE94D0028B1B6 /* Sources */ = {
			isa = PBXSourcesBuildPhase;
			buildActionMask = 2147483647;
			files = (
			);
			runOnlyForDeploymentPostprocessing = 0;
		};
/* End PBXSourcesBuildPhase section */

/* Begin PBXTargetDependency section */
		87A5B80D2F3CE94D0028B1B6 /* PBXTargetDependency */ = {
			isa = PBXTargetDependency;
			target = 87A5B7F92F3CE94B0028B1B6 /* VDOT Snow Plow */;
			targetProxy = 87A5B80C2F3CE94D0028B1B6 /* PBXContainerItemProxy */;
		};
		87A5B8172F3CE94D0028B1B6 /* PBXTargetDependency */ = {
			isa = PBXTargetDependency;
			target = 87A5B7F92F3CE94B0028B1B6 /* VDOT Snow Plow */;
			targetProxy = 87A5B8162F3CE94D0028B1B6 /* PBXContainerItemProxy */;
		};
/* End PBXTargetDependency section */

/* Begin XCBuildConfiguration section */
		87A5B81F2F3CE94D0028B1B6 /* Debug */ = {
			isa = XCBuildConfiguration;
			buildSettings = {
				ASSETCATALOG_COMPILER_APPICON_NAME = AppIcon;
				ASSETCATALOG_COMPILER_GLOBAL_ACCENT_COLOR_NAME = AccentColor;
				CODE_SIGN_ENTITLEMENTS = "VDOT Snow Plow/VDOT_Snow_Plow.entitlements";
				CODE_SIGN_STYLE = Automatic;
				CURRENT_PROJECT_VERSION = 3;
				DEVELOPMENT_TEAM = 5FA3W32A75;
				ENABLE_PREVIEWS = YES;
				GENERATE_INFOPLIST_FILE = YES;
				INFOPLIST_FILE = "VDOT Snow Plow/Info.plist";
				INFOPLIST_KEY_UIApplicationSceneManifest_Generation = YES;
				INFOPLIST_KEY_UIApplicationSupportsIndirectInputEvents = YES;
				INFOPLIST_KEY_UILaunchScreen_Generation = YES;
				INFOPLIST_KEY_UISupportedInterfaceOrientations_iPad = "UIInterfaceOrientationPortrait UIInterfaceOrientationPortraitUpsideDown UIInterfaceOrientationLandscapeLeft UIInterfaceOrientationLandscapeRight";
				INFOPLIST_KEY_UISupportedInterfaceOrientations_iPhone = "UIInterfaceOrientationPortrait UIInterfaceOrientationLandscapeLeft UIInterfaceOrientationLandscapeRight";
				LD_RUNPATH_SEARCH_PATHS = (
					"$(inherited)",
					"@executable_path/Frameworks",
				);
				MARKETING_VERSION = 1.0;
				PRODUCT_BUNDLE_IDENTIFIER = com.ronnie.thayer.SnowPlowJob;
				PRODUCT_NAME = "$(TARGET_NAME)";
				STRING_CATALOG_GENERATE_SYMBOLS = YES;
				SWIFT_APPROACHABLE_CONCURRENCY = YES;
				SWIFT_DEFAULT_ACTOR_ISOLATION = MainActor;
				SWIFT_EMIT_LOC_STRINGS = YES;
				SWIFT_UPCOMING_FEATURE_MEMBER_IMPORT_VISIBILITY = YES;
				SWIFT_VERSION = 5.0;
				TARGETED_DEVICE_FAMILY = "1,2";
			};
			name = Debug;
		};
		87A5B8202F3CE94D0028B1B6 /* Release */ = {
			isa = XCBuildConfiguration;
			buildSettings = {
				ASSETCATALOG_COMPILER_APPICON_NAME = AppIcon;
				ASSETCATALOG_COMPILER_GLOBAL_ACCENT_COLOR_NAME = AccentColor;
				CODE_SIGN_ENTITLEMENTS = "VDOT Snow Plow/VDOT_Snow_Plow.entitlements";
				CODE_SIGN_STYLE = Automatic;
				CURRENT_PROJECT_VERSION = 3;
				DEVELOPMENT_TEAM = 5FA3W32A75;
				ENABLE_PREVIEWS = YES;
				GENERATE_INFOPLIST_FILE = YES;
				INFOPLIST_FILE = "VDOT Snow Plow/Info.plist";
				INFOPLIST_KEY_UIApplicationSceneManifest_Generation = YES;
				INFOPLIST_KEY_UIApplicationSupportsIndirectInputEvents = YES;
				INFOPLIST_KEY_UILaunchScreen_Generation = YES;
				INFOPLIST_KEY_UISupportedInterfaceOrientations_iPad = "UIInterfaceOrientationPortrait UIInterfaceOrientationPortraitUpsideDown UIInterfaceOrientationLandscapeLeft UIInterfaceOrientationLandscapeRight";
				INFOPLIST_KEY_UISupportedInterfaceOrientations_iPhone = "UIInterfaceOrientationPortrait UIInterfaceOrientationLandscapeLeft UIInterfaceOrientationLandscapeRight";
				LD_RUNPATH_SEARCH_PATHS = (
					"$(inherited)",
					"@executable_path/Frameworks",
				);
				MARKETING_VERSION = 1.0;
				PRODUCT_BUNDLE_IDENTIFIER = com.ronnie.thayer.SnowPlowJob;
				PRODUCT_NAME = "$(TARGET_NAME)";
				STRING_CATALOG_GENERATE_SYMBOLS = YES;
				SWIFT_APPROACHABLE_CONCURRENCY = YES;
				SWIFT_DEFAULT_ACTOR_ISOLATION = MainActor;
				SWIFT_EMIT_LOC_STRINGS = YES;
				SWIFT_UPCOMING_FEATURE_MEMBER_IMPORT_VISIBILITY = YES;
				SWIFT_VERSION = 5.0;
				TARGETED_DEVICE_FAMILY = "1,2";
			};
			name = Release;
		};
		87A5B8212F3CE94D0028B1B6 /* Debug */ = {
			isa = XCBuildConfiguration;
			buildSettings = {
				ALWAYS_SEARCH_USER_PATHS = NO;
				ASSETCATALOG_COMPILER_GENERATE_SWIFT_ASSET_SYMBOL_EXTENSIONS = YES;
				CLANG_ANALYZER_NONNULL = YES;
				CLANG_ANALYZER_NUMBER_OBJECT_CONVERSION = YES_AGGRESSIVE;
				CLANG_CXX_LANGUAGE_STANDARD = "gnu++20";
				CLANG_ENABLE_MODULES = YES;
				CLANG_ENABLE_OBJC_ARC = YES;
				CLANG_ENABLE_OBJC_WEAK = YES;
				CLANG_WARN_BLOCK_CAPTURE_AUTORELEASING = YES;
				CLANG_WARN_BOOL_CONVERSION = YES;
				CLANG_WARN_COMMA = YES;
				CLANG_WARN_CONSTANT_CONVERSION = YES;
				CLANG_WARN_DEPRECATED_OBJC_IMPLEMENTATIONS = YES;
				CLANG_WARN_DIRECT_OBJC_ISA_USAGE = YES_ERROR;
				CLANG_WARN_DOCUMENTATION_COMMENTS = YES;
				CLANG_WARN_EMPTY_BODY = YES;
				CLANG_WARN_ENUM_CONVERSION = YES;
				CLANG_WARN_INFINITE_RECURSION = YES;
				CLANG_WARN_INT_CONVERSION = YES;
				CLANG_WARN_NON_LITERAL_NULL_CONVERSION = YES;
				CLANG_WARN_OBJC_IMPLICIT_RETAIN_SELF = YES;
				CLANG_WARN_OBJC_LITERAL_CONVERSION = YES;
				CLANG_WARN_OBJC_ROOT_CLASS = YES_ERROR;
				CLANG_WARN_QUOTED_INCLUDE_IN_FRAMEWORK_HEADER = YES;
				CLANG_WARN_RANGE_LOOP_ANALYSIS = YES;
				CLANG_WARN_STRICT_PROTOTYPES = YES;
				CLANG_WARN_SUSPICIOUS_MOVE = YES;
				CLANG_WARN_UNGUARDED_AVAILABILITY = YES_AGGRESSIVE;
				CLANG_WARN_UNREACHABLE_CODE = YES;
				CLANG_WARN__DUPLICATE_METHOD_MATCH = YES;
				COPY_PHASE_STRIP = NO;
				DEBUG_INFORMATION_FORMAT = dwarf;
				DEVELOPMENT_TEAM = 5FA3W32A75;
				ENABLE_STRICT_OBJC_MSGSEND = YES;
				ENABLE_TESTABILITY = YES;
				ENABLE_USER_SCRIPT_SANDBOXING = YES;
				GCC_C_LANGUAGE_STANDARD = gnu17;
				GCC_DYNAMIC_NO_PIC = NO;
				GCC_NO_COMMON_BLOCKS = YES;
				GCC_OPTIMIZATION_LEVEL = 0;
				GCC_PREPROCESSOR_DEFINITIONS = (
					"DEBUG=1",
					"$(inherited)",
				);
				GCC_WARN_64_TO_32_BIT_CONVERSION = YES;
				GCC_WARN_ABOUT_RETURN_TYPE = YES_ERROR;
				GCC_WARN_UNDECLARED_SELECTOR = YES;
				GCC_WARN_UNINITIALIZED_AUTOS = YES_AGGRESSIVE;
				GCC_WARN_UNUSED_FUNCTION = YES;
				GCC_WARN_UNUSED_VARIABLE = YES;
				IPHONEOS_DEPLOYMENT_TARGET = 26.1;
				LOCALIZATION_PREFERS_STRING_CATALOGS = YES;
				MTL_ENABLE_DEBUG_INFO = INCLUDE_SOURCE;
				MTL_FAST_MATH = YES;
				ONLY_ACTIVE_ARCH = YES;
				SDKROOT = iphoneos;
				STRING_CATALOG_GENERATE_SYMBOLS = YES;
				SWIFT_ACTIVE_COMPILATION_CONDITIONS = "DEBUG $(inherited)";
				SWIFT_OPTIMIZATION_LEVEL = "-Onone";
			};
			name = Debug;
		};
		87A5B8222F3CE94D0028B1B6 /* Release */ = {
			isa = XCBuildConfiguration;
			buildSettings = {
				ALWAYS_SEARCH_USER_PATHS = NO;
				ASSETCATALOG_COMPILER_GENERATE_SWIFT_ASSET_SYMBOL_EXTENSIONS = YES;
				CLANG_ANALYZER_NONNULL = YES;
				CLANG_ANALYZER_NUMBER_OBJECT_CONVERSION = YES_AGGRESSIVE;
				CLANG_CXX_LANGUAGE_STANDARD = "gnu++20";
				CLANG_ENABLE_MODULES = YES;
				CLANG_ENABLE_OBJC_ARC = YES;
				CLANG_ENABLE_OBJC_WEAK = YES;
				CLANG_WARN_BLOCK_CAPTURE_AUTORELEASING = YES;
				CLANG_WARN_BOOL_CONVERSION = YES;
				CLANG_WARN_COMMA = YES;
				CLANG_WARN_CONSTANT_CONVERSION = YES;
				CLANG_WARN_DEPRECATED_OBJC_IMPLEMENTATIONS = YES;
				CLANG_WARN_DIRECT_OBJC_ISA_USAGE = YES_ERROR;
				CLANG_WARN_DOCUMENTATION_COMMENTS = YES;
				CLANG_WARN_EMPTY_BODY = YES;
				CLANG_WARN_ENUM_CONVERSION = YES;
				CLANG_WARN_INFINITE_RECURSION = YES;
				CLANG_WARN_INT_CONVERSION = YES;
				CLANG_WARN_NON_LITERAL_NULL_CONVERSION = YES;
				CLANG_WARN_OBJC_IMPLICIT_RETAIN_SELF = YES;
				CLANG_WARN_OBJC_LITERAL_CONVERSION = YES;
				CLANG_WARN_OBJC_ROOT_CLASS = YES_ERROR;
				CLANG_WARN_QUOTED_INCLUDE_IN_FRAMEWORK_HEADER = YES;
				CLANG_WARN_RANGE_LOOP_ANALYSIS = YES;
				CLANG_WARN_STRICT_PROTOTYPES = YES;
				CLANG_WARN_SUSPICIOUS_MOVE = YES;
				CLANG_WARN_UNGUARDED_AVAILABILITY = YES_AGGRESSIVE;
				CLANG_WARN_UNREACHABLE_CODE = YES;
				CLANG_WARN__DUPLICATE_METHOD_MATCH = YES;
				COPY_PHASE_STRIP = NO;
				DEBUG_INFORMATION_FORMAT = "dwarf-with-dsym";
				DEVELOPMENT_TEAM = 5FA3W32A75;
				ENABLE_NS_ASSERTIONS = NO;
				ENABLE_STRICT_OBJC_MSGSEND = YES;
				ENABLE_USER_SCRIPT_SANDBOXING = YES;
				GCC_C_LANGUAGE_STANDARD = gnu17;
				GCC_NO_COMMON_BLOCKS = YES;
				GCC_WARN_64_TO_32_BIT_CONVERSION = YES;
				GCC_WARN_ABOUT_RETURN_TYPE = YES_ERROR;
				GCC_WARN_UNDECLARED_SELECTOR = YES;
				GCC_WARN_UNINITIALIZED_AUTOS = YES_AGGRESSIVE;
				GCC_WARN_UNUSED_FUNCTION = YES;
				GCC_WARN_UNUSED_VARIABLE = YES;
				IPHONEOS_DEPLOYMENT_TARGET = 26.1;
				LOCALIZATION_PREFERS_STRING_CATALOGS = YES;
				MTL_ENABLE_DEBUG_INFO = NO;
				MTL_FAST_MATH = YES;
				SDKROOT = iphoneos;
				STRING_CATALOG_GENERATE_SYMBOLS = YES;
				SWIFT_COMPILATION_MODE = wholemodule;
				VALIDATE_PRODUCT = YES;
			};
			name = Release;
		};
		87A5B8242F3CE94D0028B1B6 /* Debug */ = {
			isa = XCBuildConfiguration;
			buildSettings = {
				BUNDLE_LOADER = "$(TEST_HOST)";
				CODE_SIGN_STYLE = Automatic;
				CURRENT_PROJECT_VERSION = 1;
				DEVELOPMENT_TEAM = 5FA3W32A75;
				GENERATE_INFOPLIST_FILE = YES;
				IPHONEOS_DEPLOYMENT_TARGET = 26.1;
				MARKETING_VERSION = 1.0;
				PRODUCT_BUNDLE_IDENTIFIER = "com.ronnie.thayer.VDOT-Snow-PlowTests";
				PRODUCT_NAME = "$(TARGET_NAME)";
				STRING_CATALOG_GENERATE_SYMBOLS = NO;
				SWIFT_APPROACHABLE_CONCURRENCY = YES;
				SWIFT_EMIT_LOC_STRINGS = NO;
				SWIFT_UPCOMING_FEATURE_MEMBER_IMPORT_VISIBILITY = YES;
				SWIFT_VERSION = 5.0;
				TARGETED_DEVICE_FAMILY = "1,2";
				TEST_HOST = "$(BUILT_PRODUCTS_DIR)/VDOT Snow Plow.app/$(BUNDLE_EXECUTABLE_FOLDER_PATH)/VDOT Snow Plow";
			};
			name = Debug;
		};
		87A5B8252F3CE94D0028B1B6 /* Release */ = {
			isa = XCBuildConfiguration;
			buildSettings = {
				BUNDLE_LOADER = "$(TEST_HOST)";
				CODE_SIGN_STYLE = Automatic;
				CURRENT_PROJECT_VERSION = 1;
				DEVELOPMENT_TEAM = 5FA3W32A75;
				GENERATE_INFOPLIST_FILE = YES;
				IPHONEOS_DEPLOYMENT_TARGET = 26.1;
				MARKETING_VERSION = 1.0;
				PRODUCT_BUNDLE_IDENTIFIER = "com.ronnie.thayer.VDOT-Snow-PlowTests";
				PRODUCT_NAME = "$(TARGET_NAME)";
				STRING_CATALOG_GENERATE_SYMBOLS = NO;
				SWIFT_APPROACHABLE_CONCURRENCY = YES;
				SWIFT_EMIT_LOC_STRINGS = NO;
				SWIFT_UPCOMING_FEATURE_MEMBER_IMPORT_VISIBILITY = YES;
				SWIFT_VERSION = 5.0;
				TARGETED_DEVICE_FAMILY = "1,2";
				TEST_HOST = "$(BUILT_PRODUCTS_DIR)/VDOT Snow Plow.app/$(BUNDLE_EXECUTABLE_FOLDER_PATH)/VDOT Snow Plow";
			};
			name = Release;
		};
		87A5B8272F3CE94D0028B1B6 /* Debug */ = {
			isa = XCBuildConfiguration;
			buildSettings = {
				CODE_SIGN_STYLE = Automatic;
				CURRENT_PROJECT_VERSION = 1;
				DEVELOPMENT_TEAM = 5FA3W32A75;
				GENERATE_INFOPLIST_FILE = YES;
				MARKETING_VERSION = 1.0;
				PRODUCT_BUNDLE_IDENTIFIER = "com.ronnie.thayer.VDOT-Snow-PlowUITests";
				PRODUCT_NAME = "$(TARGET_NAME)";
				STRING_CATALOG_GENERATE_SYMBOLS = NO;
				SWIFT_APPROACHABLE_CONCURRENCY = YES;
				SWIFT_EMIT_LOC_STRINGS = NO;
				SWIFT_UPCOMING_FEATURE_MEMBER_IMPORT_VISIBILITY = YES;
				SWIFT_VERSION = 5.0;
				TARGETED_DEVICE_FAMILY = "1,2";
				TEST_TARGET_NAME = "VDOT Snow Plow";
			};
			name = Debug;
		};
		87A5B8282F3CE94D0028B1B6 /* Release */ = {
			isa = XCBuildConfiguration;
			buildSettings = {
				CODE_SIGN_STYLE = Automatic;
				CURRENT_PROJECT_VERSION = 1;
				DEVELOPMENT_TEAM = 5FA3W32A75;
				GENERATE_INFOPLIST_FILE = YES;
				MARKETING_VERSION = 1.0;
				PRODUCT_BUNDLE_IDENTIFIER = "com.ronnie.thayer.VDOT-Snow-PlowUITests";
				PRODUCT_NAME = "$(TARGET_NAME)";
				STRING_CATALOG_GENERATE_SYMBOLS = NO;
				SWIFT_APPROACHABLE_CONCURRENCY = YES;
				SWIFT_EMIT_LOC_STRINGS = NO;
				SWIFT_UPCOMING_FEATURE_MEMBER_IMPORT_VISIBILITY = YES;
				SWIFT_VERSION = 5.0;
				TARGETED_DEVICE_FAMILY = "1,2";
				TEST_TARGET_NAME = "VDOT Snow Plow";
			};
			name = Release;
		};
/* End XCBuildConfiguration section */

/* Begin XCConfigurationList section */
		87A5B7F52F3CE94B0028B1B6 /* Build configuration list for PBXProject "VDOT Snow Plow" */ = {
			isa = XCConfigurationList;
			buildConfigurations = (
				87A5B8212F3CE94D0028B1B6 /* Debug */,
				87A5B8222F3CE94D0028B1B6 /* Release */,
			);
			defaultConfigurationIsVisible = 0;
			defaultConfigurationName = Release;
		};
		87A5B81E2F3CE94D0028B1B6 /* Build configuration list for PBXNativeTarget "VDOT Snow Plow" */ = {
			isa = XCConfigurationList;
			buildConfigurations = (
				87A5B81F2F3CE94D0028B1B6 /* Debug */,
				87A5B8202F3CE94D0028B1B6 /* Release */,
			);
			defaultConfigurationIsVisible = 0;
			defaultConfigurationName = Release;
		};
		87A5B8232F3CE94D0028B1B6 /* Build configuration list for PBXNativeTarget "VDOT Snow PlowTests" */ = {
			isa = XCConfigurationList;
			buildConfigurations = (
				87A5B8242F3CE94D0028B1B6 /* Debug */,
				87A5B8252F3CE94D0028B1B6 /* Release */,
			);
			defaultConfigurationIsVisible = 0;
			defaultConfigurationName = Release;
		};
		87A5B8262F3CE94D0028B1B6 /* Build configuration list for PBXNativeTarget "VDOT Snow PlowUITests" */ = {
			isa = XCConfigurationList;
			buildConfigurations = (
				87A5B8272F3CE94D0028B1B6 /* Debug */,
				87A5B8282F3CE94D0028B1B6 /* Release */,
			);
			defaultConfigurationIsVisible = 0;
			defaultConfigurationName = Release;
		};
/* End XCConfigurationList section */

/* Begin XCRemoteSwiftPackageReference section */
		87A5B8422F3CF79C0028B1B6 /* XCRemoteSwiftPackageReference "xlsxwriter" */ = {
			isa = XCRemoteSwiftPackageReference;
			repositoryURL = "https://github.com/damuellen/xlsxwriter.swift";
			requirement = {
				branch = SPM;
				kind = branch;
			};
		};
/* End XCRemoteSwiftPackageReference section */

/* Begin XCSwiftPackageProductDependency section */
		87A5B8432F3CF79C0028B1B6 /* xlsxwriter */ = {
			isa = XCSwiftPackageProductDependency;
			package = 87A5B8422F3CF79C0028B1B6 /* XCRemoteSwiftPackageReference "xlsxwriter" */;
			productName = xlsxwriter;
		};
/* End XCSwiftPackageProductDependency section */
	};
	rootObject = 87A5B7F22F3CE94B0028B1B6 /* Project object */;
}
